
Microsoft Visual Studio Solution File, Format Version 12.00
# Visual Studio Version 17
VisualStudioVersion = 17.4.33213.308
MinimumVisualStudioVersion = 10.0.40219.1
Project("{FAE04EC0-301F-11D3-BF4B-00C04F79EFBC}") = "FogBugz.Client", "FogBugz.Client\FogBugz.Client.csproj", "{96AA7854-86D5-4FC3-BBC4-9A569011F3A4}"
EndProject
Project("{FAE04EC0-301F-11D3-BF4B-00C04F79EFBC}") = "FogBugz.Api", "FogBugz.Api\FogBugz.Api.csproj", "{C470B751-F2C7-4307-BA3A-CAD159E438E5}"
EndProject
Global
	GlobalSection(SolutionConfigurationPlatforms) = preSolution
		Debug|Any CPU = Debug|Any CPU
		Release|Any CPU = Release|Any CPU
	EndGlobalSection
	GlobalSection(ProjectConfigurationPlatforms) = postSolution
		{96AA7854-86D5-4FC3-BBC4-9A569011F3A4}.Debug|Any CPU.ActiveCfg = Debug|Any CPU
		{96AA7854-86D5-4FC3-BBC4-9A569011F3A4}.Debug|Any CPU.Build.0 = Debug|Any CPU
		{96AA7854-86D5-4FC3-BBC4-9A569011F3A4}.Release|Any CPU.ActiveCfg = Release|Any CPU
		{96AA7854-86D5-4FC3-BBC4-9A569011F3A4}.Release|Any CPU.Build.0 = Release|Any CPU
		{C470B751-F2C7-4307-BA3A-CAD159E438E5}.Debug|Any CPU.ActiveCfg = Debug|Any CPU
		{C470B751-F2C7-4307-BA3A-CAD159E438E5}.Debug|Any CPU.Build.0 = Debug|Any CPU
		{C470B751-F2C7-4307-BA3A-CAD159E438E5}.Release|Any CPU.ActiveCfg = Release|Any CPU
		{C470B751-F2C7-4307-BA3A-CAD159E438E5}.Release|Any CPU.Build.0 = Release|Any CPU
	EndGlobalSection
	GlobalSection(SolutionProperties) = preSolution
		HideSolutionNode = FALSE
	EndGlobalSection
	GlobalSection(ExtensibilityGlobals) = postSolution
		SolutionGuid = {193BE91C-B2CF-4540-ABC8-1B321F642A4C}
	EndGlobalSection
EndGlobal
